PODS:
  - Flutter (1.0.0)
  - Instabug (14.0.0)
  - instabug_flutter (14.0.0):
    - Flutter
    - Instabug (= 14.0.0)
  - OCMock (3.6)

DEPENDENCIES:
  - Flutter (from `Flutter`)
  - instabug_flutter (from `.symlinks/plugins/instabug_flutter/ios`)
  - OCMock (= 3.6)

SPEC REPOS:
  trunk:
    - Instabug
    - OCMock

EXTERNAL SOURCES:
  Flutter:
    :path: Flutter
  instabug_flutter:
    :path: ".symlinks/plugins/instabug_flutter/ios"

SPEC CHECKSUMS:
  Flutter: e0871f40cf51350855a761d2e70bf5af5b9b5de7
  Instabug: a0beffc01658773e2fac549845782f8937707dc4
  instabug_flutter: ff8ab5ff34a476b1d2d887478ec190cda962b973
  OCMock: 5ea90566be239f179ba766fd9fbae5885040b992

PODFILE CHECKSUM: 8f7552fd115ace1988c3db54a69e4a123c448f84

COCOAPODS: 1.16.2
