PODS:
  - Flutter (1.0.0)
  - Instabug (16.0.3)
  - instabug_flutter (16.0.4):
    - Flutter
    - Instabug (= 16.0.3)
  - OCMock (3.6)
  - video_player_avfoundation (0.0.1):
    - Flutter
    - FlutterMacOS

DEPENDENCIES:
  - Flutter (from `Flutter`)
  - instabug_flutter (from `.symlinks/plugins/instabug_flutter/ios`)
  - OCMock (= 3.6)
  - video_player_avfoundation (from `.symlinks/plugins/video_player_avfoundation/darwin`)

SPEC REPOS:
  trunk:
    - Instabug
    - OCMock

EXTERNAL SOURCES:
  Flutter:
    :path: Flutter
  instabug_flutter:
    :path: ".symlinks/plugins/instabug_flutter/ios"
  video_player_avfoundation:
    :path: ".symlinks/plugins/video_player_avfoundation/darwin"

SPEC CHECKSUMS:
  Flutter: e0871f40cf51350855a761d2e70bf5af5b9b5de7
  Instabug: b6290ceceb5d98966aa6f10fbd7970026a916f65
  instabug_flutter: 462e49dc4106bbe6c04c10c733b38d959f28bd40
  OCMock: 5ea90566be239f179ba766fd9fbae5885040b992
  video_player_avfoundation: 2cef49524dd1f16c5300b9cd6efd9611ce03639b

PODFILE CHECKSUM: 986d650b5bc8e230d8a9612663af4b3b1a9d6236

COCOAPODS: 1.16.2
