PODS:
  - Flutter (1.0.0)
  - Instabug (11.0.2)
  - instabug_flutter (0.0.1):
    - Flutter
    - Instabug (= 11.0.2)

DEPENDENCIES:
  - Flutter (from `Flutter`)
  - instabug_flutter (from `.symlinks/plugins/instabug_flutter/ios`)

SPEC REPOS:
  trunk:
    - Instabug

EXTERNAL SOURCES:
  Flutter:
    :path: Flutter
  instabug_flutter:
    :path: ".symlinks/plugins/instabug_flutter/ios"

SPEC CHECKSUMS:
  Flutter: 50d75fe2f02b26cc09d224853bb45737f8b3214a
  Instabug: d6c7a65211ad958f7ca871790774c1e00ca4f6df
  instabug_flutter: 6fb6eb4620a10587ba5a67ddf0781d78fe984569

PODFILE CHECKSUM: fe0e1ee7f3d1f7d00b11b474b62dd62134535aea

COCOAPODS: 1.11.2
