PODS:
  - Flutter (1.0.0)
  - Instabug (10.9.3)
  - instabug_flutter (0.0.1):
    - Flutter
    - Instabug (= 10.9.3)
  - OCMock (3.6)

DEPENDENCIES:
  - Flutter (from `Flutter`)
  - instabug_flutter (from `.symlinks/plugins/instabug_flutter/ios`)
  - OCMock (= 3.6)

SPEC REPOS:
  trunk:
    - Instabug
    - OCMock

EXTERNAL SOURCES:
  Flutter:
    :path: Flutter
  instabug_flutter:
    :path: ".symlinks/plugins/instabug_flutter/ios"

SPEC CHECKSUMS:
  Flutter: 50d75fe2f02b26cc09d224853bb45737f8b3214a
  Instabug: 9feaa5a178abc487005a5c0cccdfdc00470bf9a7
  instabug_flutter: cc8c1577ef50065448cf18f584ef3b40278e92ff
  OCMock: 5ea90566be239f179ba766fd9fbae5885040b992

PODFILE CHECKSUM: 082ec096394aa5e2e9254f7b7845847607911bda

COCOAPODS: 1.11.2
