PODS:
  - Flutter (1.0.0)
  - Instabug (14.1.0)
  - instabug_flutter (14.0.0):
    - Flutter
    - Instabug (= 14.1.0)

DEPENDENCIES:
  - Flutter (from `Flutter`)
  - instabug_flutter (from `.symlinks/plugins/instabug_flutter/ios`)

SPEC REPOS:
  trunk:
    - Instabug

EXTERNAL SOURCES:
  Flutter:
    :path: Flutter
  instabug_flutter:
    :path: ".symlinks/plugins/instabug_flutter/ios"

SPEC CHECKSUMS:
  Flutter: e0871f40cf51350855a761d2e70bf5af5b9b5de7
  Instabug: 8cbca8974168c815658133e2813f5ac3a36f8e20
  instabug_flutter: a24751dfaedd29475da2af062d3e19d697438f72

PODFILE CHECKSUM: 819463e6a0290f5a72f145ba7cde16e8b6ef0796

COCOAPODS: 1.14.3
