
Microsoft Visual Studio Solution File, Format Version 12.00
# Visual Studio Version 16
VisualStudioVersion = 25.0.1703.5
MinimumVisualStudioVersion = 10.0.40219.1
Project("{FAE04EC0-301F-11D3-BF4B-00C04F79EFBC}") = "E2E", "E2E.csproj", "{99118060-0344-4CAD-AE3A-CC74A5E0F3C7}"
EndProject
Project("{FAE04EC0-301F-11D3-BF4B-00C04F79EFBC}") = "Instabug.Captain", "..\..\Instabug.Captain\Instabug.Captain\Instabug.Captain.csproj", "{597F3BAD-11D3-43B7-A95C-6C41CD2096A8}"
EndProject
Global
	GlobalSection(SolutionConfigurationPlatforms) = preSolution
		Debug|Any CPU = Debug|Any CPU
		Release|Any CPU = Release|Any CPU
	EndGlobalSection
	GlobalSection(ProjectConfigurationPlatforms) = postSolution
		{99118060-0344-4CAD-AE3A-CC74A5E0F3C7}.Debug|Any CPU.ActiveCfg = Debug|Any CPU
		{99118060-0344-4CAD-AE3A-CC74A5E0F3C7}.Debug|Any CPU.Build.0 = Debug|Any CPU
		{99118060-0344-4CAD-AE3A-CC74A5E0F3C7}.Release|Any CPU.ActiveCfg = Release|Any CPU
		{99118060-0344-4CAD-AE3A-CC74A5E0F3C7}.Release|Any CPU.Build.0 = Release|Any CPU
		{597F3BAD-11D3-43B7-A95C-6C41CD2096A8}.Debug|Any CPU.ActiveCfg = Debug|Any CPU
		{597F3BAD-11D3-43B7-A95C-6C41CD2096A8}.Debug|Any CPU.Build.0 = Debug|Any CPU
		{597F3BAD-11D3-43B7-A95C-6C41CD2096A8}.Release|Any CPU.ActiveCfg = Release|Any CPU
		{597F3BAD-11D3-43B7-A95C-6C41CD2096A8}.Release|Any CPU.Build.0 = Release|Any CPU
	EndGlobalSection
	GlobalSection(SolutionProperties) = preSolution
		HideSolutionNode = FALSE
	EndGlobalSection
	GlobalSection(ExtensibilityGlobals) = postSolution
		SolutionGuid = {3E37F932-775C-4756-A8FF-28DFC6CAC624}
	EndGlobalSection
EndGlobal
