PODS:
  - Flutter (1.0.0)
  - Instabug (13.4.2)
  - instabug_flutter (13.4.0):
    - Flutter
    - Instabug (= 13.4.2)
  - instabug_private_views (0.0.1):
    - Flutter
    - instabug_flutter
  - OCMock (3.6)
  - video_player_avfoundation (0.0.1):
    - Flutter
    - FlutterMacOS

DEPENDENCIES:
  - Flutter (from `Flutter`)
  - Instabug (from `https://ios-releases.instabug.com/custom/feature-flutter-private-views-base/13.4.2/Instabug.podspec`)
  - instabug_flutter (from `.symlinks/plugins/instabug_flutter/ios`)
  - instabug_private_views (from `.symlinks/plugins/instabug_private_views/ios`)
  - OCMock (= 3.6)
  - video_player_avfoundation (from `.symlinks/plugins/video_player_avfoundation/darwin`)

SPEC REPOS:
  trunk:
    - OCMock

EXTERNAL SOURCES:
  Flutter:
    :path: Flutter
  Instabug:
    :podspec: https://ios-releases.instabug.com/custom/feature-flutter-private-views-base/13.4.2/Instabug.podspec
  instabug_flutter:
    :path: ".symlinks/plugins/instabug_flutter/ios"
  instabug_private_views:
    :path: ".symlinks/plugins/instabug_private_views/ios"
  video_player_avfoundation:
    :path: ".symlinks/plugins/video_player_avfoundation/darwin"

SPEC CHECKSUMS:
  Flutter: e0871f40cf51350855a761d2e70bf5af5b9b5de7
  Instabug: 7aacd5099c11ce96bc49dda40eba0963c06acccc
  instabug_flutter: a2df87e3d4d9e410785e0b1ffef4bc64d1f4b787
  instabug_private_views: df53ff3f1cc842cb686d43e077099d3b36426a7f
  OCMock: 5ea90566be239f179ba766fd9fbae5885040b992
  video_player_avfoundation: 7c6c11d8470e1675df7397027218274b6d2360b3

PODFILE CHECKSUM: fc0d57fd62bcc29d3b6bdf9fcba44faaf24d9439

COCOAPODS: 1.15.2
