PODS:
  - Flutter (1.0.0)
  - Instabug (14.1.0)
  - instabug_flutter (14.0.0):
    - Flutter
    - Instabug (= 14.1.0)
  - instabug_private_views (0.0.1):
    - Flutter
    - instabug_flutter
  - OCMock (3.6)
  - video_player_avfoundation (0.0.1):
    - Flutter
    - FlutterMacOS

DEPENDENCIES:
  - Flutter (from `Flutter`)
  - Instabug (from `https://ios-releases.instabug.com/custom/feature-flutter-private-views-base/14.1.0/Instabug.podspec`)
  - instabug_flutter (from `.symlinks/plugins/instabug_flutter/ios`)
  - instabug_private_views (from `.symlinks/plugins/instabug_private_views/ios`)
  - OCMock (= 3.6)
  - video_player_avfoundation (from `.symlinks/plugins/video_player_avfoundation/darwin`)

SPEC REPOS:
  trunk:
    - OCMock

EXTERNAL SOURCES:
  Flutter:
    :path: Flutter
  Instabug:
    :podspec: https://ios-releases.instabug.com/custom/feature-flutter-private-views-base/14.1.0/Instabug.podspec
  instabug_flutter:
    :path: ".symlinks/plugins/instabug_flutter/ios"
  instabug_private_views:
    :path: ".symlinks/plugins/instabug_private_views/ios"
  video_player_avfoundation:
    :path: ".symlinks/plugins/video_player_avfoundation/darwin"

SPEC CHECKSUMS:
  Flutter: e0871f40cf51350855a761d2e70bf5af5b9b5de7
  Instabug: e4054d9df01ebe416fffe70c173496364b9e08d4
  instabug_flutter: a24751dfaedd29475da2af062d3e19d697438f72
  instabug_private_views: df53ff3f1cc842cb686d43e077099d3b36426a7f
  OCMock: 5ea90566be239f179ba766fd9fbae5885040b992
  video_player_avfoundation: 7c6c11d8470e1675df7397027218274b6d2360b3

PODFILE CHECKSUM: 8d04e9b0f7c2d5dc02066f051ccdb6a95418b41a

COCOAPODS: 1.14.3
